
Microsoft Visual Studio Solution File, Format Version 12.00
# Visual Studio Version 16
VisualStudioVersion = 16.0.32106.194
MinimumVisualStudioVersion = 10.0.40219.1
Project("{FAE04EC0-301F-11D3-BF4B-00C04F79EFBC}") = "CryptoPortfolioTracker", "CryptoPortfolioTracker\CryptoPortfolioTracker.csproj", "{E609650D-E22A-4961-8CEA-17B7B3E495ED}"
EndProject
Global
	GlobalSection(SolutionConfigurationPlatforms) = preSolution
		Debug|Any CPU = Debug|Any CPU
		Release|Any CPU = Release|Any CPU
	EndGlobalSection
	GlobalSection(ProjectConfigurationPlatforms) = postSolution
		{E609650D-E22A-4961-8CEA-17B7B3E495ED}.Debug|Any CPU.ActiveCfg = Debug|Any CPU
		{E609650D-E22A-4961-8CEA-17B7B3E495ED}.Debug|Any CPU.Build.0 = Debug|Any CPU
		{E609650D-E22A-4961-8CEA-17B7B3E495ED}.Release|Any CPU.ActiveCfg = Release|Any CPU
		{E609650D-E22A-4961-8CEA-17B7B3E495ED}.Release|Any CPU.Build.0 = Release|Any CPU
	EndGlobalSection
	GlobalSection(SolutionProperties) = preSolution
		HideSolutionNode = FALSE
	EndGlobalSection
	GlobalSection(ExtensibilityGlobals) = postSolution
		SolutionGuid = {5597A46E-1AAB-435A-9544-32B2D3371CF7}
	EndGlobalSection
EndGlobal
